
Microsoft Visual Studio Solution File, Format Version 12.00
# Visual Studio Version 17
VisualStudioVersion = 17.0.31903.59
MinimumVisualStudioVersion = 10.0.40219.1
Project("{FAE04EC0-301F-11D3-BF4B-00C04F79EFBC}") = "WebApi", "WebApi\WebApi.csproj", "{DA6161A3-4F07-4510-8A8B-467D4B509543}"
EndProject
Project("{FAE04EC0-301F-11D3-BF4B-00C04F79EFBC}") = "Infrastructure", "Infrastructure\Infrastructure.csproj", "{819E6714-C86A-4E11-9581-63F172BCFEE7}"
EndProject
Project("{FAE04EC0-301F-11D3-BF4B-00C04F79EFBC}") = "Domain", "Domain\Domain.csproj", "{FDB163BC-1E42-4F10-8132-C39D865FCAD1}"
EndProject
Project("{FAE04EC0-301F-11D3-BF4B-00C04F79EFBC}") = "MVCApp", "MVCApp\MVCApp.csproj", "{972B7B04-60E8-4099-993E-61B7D24E6EBC}"
EndProject
Global
	GlobalSection(SolutionConfigurationPlatforms) = preSolution
		Debug|Any CPU = Debug|Any CPU
		Release|Any CPU = Release|Any CPU
	EndGlobalSection
	GlobalSection(SolutionProperties) = preSolution
		HideSolutionNode = FALSE
	EndGlobalSection
	GlobalSection(ProjectConfigurationPlatforms) = postSolution
		{DA6161A3-4F07-4510-8A8B-467D4B509543}.Debug|Any CPU.ActiveCfg = Debug|Any CPU
		{DA6161A3-4F07-4510-8A8B-467D4B509543}.Debug|Any CPU.Build.0 = Debug|Any CPU
		{DA6161A3-4F07-4510-8A8B-467D4B509543}.Release|Any CPU.ActiveCfg = Release|Any CPU
		{DA6161A3-4F07-4510-8A8B-467D4B509543}.Release|Any CPU.Build.0 = Release|Any CPU
		{819E6714-C86A-4E11-9581-63F172BCFEE7}.Debug|Any CPU.ActiveCfg = Debug|Any CPU
		{819E6714-C86A-4E11-9581-63F172BCFEE7}.Debug|Any CPU.Build.0 = Debug|Any CPU
		{819E6714-C86A-4E11-9581-63F172BCFEE7}.Release|Any CPU.ActiveCfg = Release|Any CPU
		{819E6714-C86A-4E11-9581-63F172BCFEE7}.Release|Any CPU.Build.0 = Release|Any CPU
		{FDB163BC-1E42-4F10-8132-C39D865FCAD1}.Debug|Any CPU.ActiveCfg = Debug|Any CPU
		{FDB163BC-1E42-4F10-8132-C39D865FCAD1}.Debug|Any CPU.Build.0 = Debug|Any CPU
		{FDB163BC-1E42-4F10-8132-C39D865FCAD1}.Release|Any CPU.ActiveCfg = Release|Any CPU
		{FDB163BC-1E42-4F10-8132-C39D865FCAD1}.Release|Any CPU.Build.0 = Release|Any CPU
		{972B7B04-60E8-4099-993E-61B7D24E6EBC}.Debug|Any CPU.ActiveCfg = Debug|Any CPU
		{972B7B04-60E8-4099-993E-61B7D24E6EBC}.Debug|Any CPU.Build.0 = Debug|Any CPU
		{972B7B04-60E8-4099-993E-61B7D24E6EBC}.Release|Any CPU.ActiveCfg = Release|Any CPU
		{972B7B04-60E8-4099-993E-61B7D24E6EBC}.Release|Any CPU.Build.0 = Release|Any CPU
	EndGlobalSection
EndGlobal
